# This file is automatically @generated by Cargo.
# It is not intended for manual editing.
version = 4

[[package]]
name = "block-buffer"
version = "0.12.0"
source = "registry+https://github.com/rust-lang/crates.io-index"
checksum = "cdd35008169921d80bc60d3d0ab416eecb028c4cd653352907921d95084790be"
dependencies = [
 "hybrid-array",
]

[[package]]
name = "cfg-if"
version = "1.0.4"
source = "registry+https://github.com/rust-lang/crates.io-index"
checksum = "9330f8b2ff13f34540b44e946ef35111825727b38d33286ef986142615121801"

[[package]]
name = "const-oid"
version = "0.10.2"
source = "registry+https://github.com/rust-lang/crates.io-index"
checksum = "a6ef517f0926dd24a1582492c791b6a4818a4d94e789a334894aa15b0d12f55c"

[[package]]
name = "cpufeatures"
version = "0.3.0"
source = "registry+https://github.com/rust-lang/crates.io-index"
checksum = "8b2a41393f66f16b0823bb79094d54ac5fbd34ab292ddafb9a0456ac9f87d201"
dependencies = [
 "libc",
]

[[package]]
name = "crypto-common"
version = "0.2.1"
source = "registry+https://github.com/rust-lang/crates.io-index"
checksum = "77727bb15fa921304124b128af125e7e3b968275d1b108b379190264f4423710"
dependencies = [
 "hybrid-array",
]

[[package]]
name = "digest"
version = "0.11.3"
source = "registry+https://github.com/rust-lang/crates.io-index"
checksum = "f1dd6dbb5841937940781866fa1281a1ff7bd3bf827091440879f9994983d5c2"
dependencies = [
 "block-buffer",
 "const-oid",
 "crypto-common",
]

[[package]]
name = "hybrid-array"
version = "0.4.11"
source = "registry+https://github.com/rust-lang/crates.io-index"
checksum = "08d46837a0ed51fe95bd3b05de33cd64a1ee88fc797477ca48446872504507c5"
dependencies = [
 "typenum",
]

[[package]]
name = "ism-add-erm"
version = "20230609.0.0"
dependencies = [
 "sha2",
]

[[package]]
name = "ism-arh"
version = "20230609.0.0"
dependencies = [
 "sha2",
]

[[package]]
name = "ism-atom"
version = "20230609.0.0"
dependencies = [
 "sha2",
]

[[package]]
name = "ism-audit"
version = "20230609.0.0"
dependencies = [
 "sha2",
]

[[package]]
name = "ism-authcat"
version = "20230609.0.0"
dependencies = [
 "sha2",
]

[[package]]
name = "ism-base-tdf"
version = "20230609.0.0"
dependencies = [
 "sha2",
]

[[package]]
name = "ism-boe"
version = "20230609.0.0"
dependencies = [
 "sha2",
]

[[package]]
name = "ism-brk-srch"
version = "20230609.0.0"
dependencies = [
 "sha2",
]

[[package]]
name = "ism-cdr-ra"
version = "20230609.0.0"
dependencies = [
 "sha2",
]

[[package]]
name = "ism-cdsm"
version = "20230609.0.0"
dependencies = [
 "sha2",
]

[[package]]
name = "ism-cdsm-tdf"
version = "20230609.0.0"
dependencies = [
 "sha2",
]

[[package]]
name = "ism-cem"
version = "20230609.0.0"
dependencies = [
 "sha2",
]

[[package]]
name = "ism-csr"
version = "20230609.0.0"
dependencies = [
 "sha2",
]

[[package]]
name = "ism-data"
version = "20230609.0.0"

[[package]]
name = "ism-ded"
version = "20230609.0.0"
dependencies = [
 "sha2",
]

[[package]]
name = "ism-deliver"
version = "20230609.0.0"
dependencies = [
 "sha2",
]

[[package]]
name = "ism-dhzm"
version = "20230609.0.0"
dependencies = [
 "sha2",
]

[[package]]
name = "ism-dhzm-tdf"
version = "20230609.0.0"
dependencies = [
 "sha2",
]

[[package]]
name = "ism-dhzmc-tdf"
version = "20230609.0.0"
dependencies = [
 "sha2",
]

[[package]]
name = "ism-domex"
version = "20230609.0.0"
dependencies = [
 "sha2",
]

[[package]]
name = "ism-erm"
version = "20230609.0.0"
dependencies = [
 "sha2",
]

[[package]]
name = "ism-fac"
version = "20230609.0.0"
dependencies = [
 "sha2",
]

[[package]]
name = "ism-fsd"
version = "20230609.0.0"
dependencies = [
 "sha2",
]

[[package]]
name = "ism-ic-docbook"
version = "20230609.0.0"
dependencies = [
 "sha2",
]

[[package]]
name = "ism-ic-edh"
version = "20230609.0.0"
dependencies = [
 "sha2",
]

[[package]]
name = "ism-ic-genc"
version = "20230609.0.0"
dependencies = [
 "sha2",
]

[[package]]
name = "ism-ic-id"
version = "20230609.0.0"
dependencies = [
 "sha2",
]

[[package]]
name = "ism-ic-sf"
version = "20230609.0.0"
dependencies = [
 "sha2",
]

[[package]]
name = "ism-ico-aces"
version = "20230609.0.0"
dependencies = [
 "sha2",
]

[[package]]
name = "ism-ico-ntk"
version = "20230609.0.0"
dependencies = [
 "sha2",
]

[[package]]
name = "ism-intdis"
version = "20230609.0.0"
dependencies = [
 "sha2",
]

[[package]]
name = "ism-irm"
version = "20230609.0.0"
dependencies = [
 "sha2",
]

[[package]]
name = "ism-ism-aces"
version = "20230609.0.0"
dependencies = [
 "sha2",
]

[[package]]
name = "ism-ism-rollup"
version = "20230609.0.0"
dependencies = [
 "sha2",
]

[[package]]
name = "ism-ismcat"
version = "20230609.0.0"
dependencies = [
 "sha2",
]

[[package]]
name = "ism-its-ms"
version = "20230609.0.0"
dependencies = [
 "sha2",
]

[[package]]
name = "ism-its-om"
version = "20230609.0.0"
dependencies = [
 "sha2",
]

[[package]]
name = "ism-lic"
version = "20230609.0.0"
dependencies = [
 "sha2",
]

[[package]]
name = "ism-mac"
version = "20230609.0.0"
dependencies = [
 "sha2",
]

[[package]]
name = "ism-manage"
version = "20230609.0.0"
dependencies = [
 "sha2",
]

[[package]]
name = "ism-mime"
version = "20230609.0.0"
dependencies = [
 "sha2",
]

[[package]]
name = "ism-mn"
version = "20230609.0.0"
dependencies = [
 "sha2",
]

[[package]]
name = "ism-mnt"
version = "20230609.0.0"
dependencies = [
 "sha2",
]

[[package]]
name = "ism-ntk"
version = "20230609.0.0"
dependencies = [
 "sha2",
]

[[package]]
name = "ism-ntk-aces"
version = "20230609.0.0"
dependencies = [
 "sha2",
]

[[package]]
name = "ism-oc-ntk-aces"
version = "20230609.0.0"
dependencies = [
 "sha2",
]

[[package]]
name = "ism-pm"
version = "20230609.0.0"
dependencies = [
 "sha2",
]

[[package]]
name = "ism-pma"
version = "20230609.0.0"
dependencies = [
 "sha2",
]

[[package]]
name = "ism-qm"
version = "20230609.0.0"
dependencies = [
 "sha2",
]

[[package]]
name = "ism-revrecall"
version = "20230609.0.0"
dependencies = [
 "sha2",
]

[[package]]
name = "ism-role"
version = "20230609.0.0"
dependencies = [
 "sha2",
]

[[package]]
name = "ism-rr-id"
version = "20230609.0.0"
dependencies = [
 "sha2",
]

[[package]]
name = "ism-rr-sm"
version = "20230609.0.0"
dependencies = [
 "sha2",
]

[[package]]
name = "ism-uias"
version = "20230609.0.0"
dependencies = [
 "sha2",
]

[[package]]
name = "ism-uias-apcs"
version = "20230609.0.0"
dependencies = [
 "sha2",
]

[[package]]
name = "ism-usagency"
version = "20230609.0.0"
dependencies = [
 "sha2",
]

[[package]]
name = "ism-virt"
version = "20230609.0.0"
dependencies = [
 "sha2",
]

[[package]]
name = "ism-whitelist"
version = "20230609.0.0"
dependencies = [
 "sha2",
]

[[package]]
name = "ism-wss-hlg"
version = "20230609.0.0"
dependencies = [
 "sha2",
]

[[package]]
name = "ism-wss-sigenc"
version = "20230609.0.0"
dependencies = [
 "sha2",
]

[[package]]
name = "libc"
version = "0.2.186"
source = "registry+https://github.com/rust-lang/crates.io-index"
checksum = "68ab91017fe16c622486840e4c83c9a37afeff978bd239b5293d61ece587de66"

[[package]]
name = "sha2"
version = "0.11.0"
source = "registry+https://github.com/rust-lang/crates.io-index"
checksum = "446ba717509524cb3f22f17ecc096f10f4822d76ab5c0b9822c5f9c284e825f4"
dependencies = [
 "cfg-if",
 "cpufeatures",
 "digest",
]

[[package]]
name = "typenum"
version = "1.20.0"
source = "registry+https://github.com/rust-lang/crates.io-index"
checksum = "40ce102ab67701b8526c123c1bab5cbe42d7040ccfd0f64af1a385808d2f43de"
